
Microsoft Visual Studio Solution File, Format Version 12.00
# Visual Studio Version 16
VisualStudioVersion = 16.0.31019.35
MinimumVisualStudioVersion = 10.0.40219.1
Project("{FAE04EC0-301F-11D3-BF4B-00C04F79EFBC}") = "text editor kullanımı", "text editor kullanımı.csproj", "{C89821E5-BD70-496F-9EBD-78B852F09EDB}"
EndProject
Global
	GlobalSection(SolutionConfigurationPlatforms) = preSolution
		Debug|Any CPU = Debug|Any CPU
		Release|Any CPU = Release|Any CPU
	EndGlobalSection
	GlobalSection(ProjectConfigurationPlatforms) = postSolution
		{C89821E5-BD70-496F-9EBD-78B852F09EDB}.Debug|Any CPU.ActiveCfg = Debug|Any CPU
		{C89821E5-BD70-496F-9EBD-78B852F09EDB}.Debug|Any CPU.Build.0 = Debug|Any CPU
		{C89821E5-BD70-496F-9EBD-78B852F09EDB}.Release|Any CPU.ActiveCfg = Release|Any CPU
		{C89821E5-BD70-496F-9EBD-78B852F09EDB}.Release|Any CPU.Build.0 = Release|Any CPU
	EndGlobalSection
	GlobalSection(SolutionProperties) = preSolution
		HideSolutionNode = FALSE
	EndGlobalSection
	GlobalSection(ExtensibilityGlobals) = postSolution
		SolutionGuid = {653926F2-4249-48EC-810E-CBDB57D32462}
	EndGlobalSection
EndGlobal
